// !$*UTF8*$!
{
	archiveVersion = 1;
	classes = {
	};
	objectVersion = 77;
	objects = {

/* Begin PBXBuildFile section */
		EE0C14232E5984A1003640C0 /* Assets.xcassets in Resources */ = {isa = PBXBuildFile; fileRef = EE0C141F2E5984A1003640C0 /* Assets.xcassets */; };
		EE0C14242E5984A1003640C0 /* ContentView.swift in Sources */ = {isa = PBXBuildFile; fileRef = EE0C14202E5984A1003640C0 /* ContentView.swift */; };
		EE0C14252E5984A1003640C0 /* LetHimCookApp.swift in Sources */ = {isa = PBXBuildFile; fileRef = EE0C14212E5984A1003640C0 /* LetHimCookApp.swift */; };
		EE0C142D2E5984F4003640C0 /* NetworkManager.swift in Sources */ = {isa = PBXBuildFile; fileRef = EE0C142C2E5984EF003640C0 /* NetworkManager.swift */; };
		EE0C142F2E5984FD003640C0 /* Model.swift in Sources */ = {isa = PBXBuildFile; fileRef = EE0C142E2E5984FA003640C0 /* Model.swift */; };
		EE0C14332E598522003640C0 /* Font+Extension.swift in Sources */ = {isa = PBXBuildFile; fileRef = EE0C14322E59851F003640C0 /* Font+Extension.swift */; };
		EE0C14352E598539003640C0 /* UIApplication+Extension.swift in Sources */ = {isa = PBXBuildFile; fileRef = EE0C14342E598527003640C0 /* UIApplication+Extension.swift */; };
/* End PBXBuildFile section */

/* Begin PBXFileReference section */
		EE0C14102E59845D003640C0 /* LetHimCook.app */ = {isa = PBXFileReference; explicitFileType = wrapper.application; includeInIndex = 0; path = LetHimCook.app; sourceTree = BUILT_PRODUCTS_DIR; };
		EE0C141F2E5984A1003640C0 /* Assets.xcassets */ = {isa = PBXFileReference; lastKnownFileType = folder.assetcatalog; path = Assets.xcassets; sourceTree = "<group>"; };
		EE0C14202E5984A1003640C0 /* ContentView.swift */ = {isa = PBXFileReference; lastKnownFileType = sourcecode.swift; path = ContentView.swift; sourceTree = "<group>"; };
		EE0C14212E5984A1003640C0 /* LetHimCookApp.swift */ = {isa = PBXFileReference; lastKnownFileType = sourcecode.swift; path = LetHimCookApp.swift; sourceTree = "<group>"; };
		EE0C142C2E5984EF003640C0 /* NetworkManager.swift */ = {isa = PBXFileReference; lastKnownFileType = sourcecode.swift; path = NetworkManager.swift; sourceTree = "<group>"; };
		EE0C142E2E5984FA003640C0 /* Model.swift */ = {isa = PBXFileReference; lastKnownFileType = sourcecode.swift; path = Model.swift; sourceTree = "<group>"; };
		EE0C14322E59851F003640C0 /* Font+Extension.swift */ = {isa = PBXFileReference; lastKnownFileType = sourcecode.swift; path = "Font+Extension.swift"; sourceTree = "<group>"; };
		EE0C14342E598527003640C0 /* UIApplication+Extension.swift */ = {isa = PBXFileReference; lastKnownFileType = sourcecode.swift; path = "UIApplication+Extension.swift"; sourceTree = "<group>"; };
/* End PBXFileReference section */

/* Begin PBXFrameworksBuildPhase section */
		EE0C140D2E59845D003640C0 /* Frameworks */ = {
			isa = PBXFrameworksBuildPhase;
			buildActionMask = 2147483647;
			files = (
			);
			runOnlyForDeploymentPostprocessing = 0;
		};
/* End PBXFrameworksBuildPhase section */

/* Begin PBXGroup section */
		EE0C14072E59845D003640C0 = {
			isa = PBXGroup;
			children = (
				EE0C14222E5984A1003640C0 /* LetHimCook */,
				EE0C14112E59845D003640C0 /* Products */,
			);
			sourceTree = "<group>";
		};
		EE0C14112E59845D003640C0 /* Products */ = {
			isa = PBXGroup;
			children = (
				EE0C14102E59845D003640C0 /* LetHimCook.app */,
			);
			name = Products;
			sourceTree = "<group>";
		};
		EE0C14222E5984A1003640C0 /* LetHimCook */ = {
			isa = PBXGroup;
			children = (
				EE0C14262E5984A8003640C0 /* App */,
				EE0C142B2E5984CE003640C0 /* Network */,
				EE0C142A2E5984CA003640C0 /* Model */,
				EE0C14282E5984B1003640C0 /* Presentation */,
				EE0C14272E5984AC003640C0 /* Util */,
				EE0C14292E5984BB003640C0 /* Resources */,
			);
			path = LetHimCook;
			sourceTree = "<group>";
		};
		EE0C14262E5984A8003640C0 /* App */ = {
			isa = PBXGroup;
			children = (
				EE0C14212E5984A1003640C0 /* LetHimCookApp.swift */,
			);
			path = App;
			sourceTree = "<group>";
		};
		EE0C14272E5984AC003640C0 /* Util */ = {
			isa = PBXGroup;
			children = (
				EE0C14302E598510003640C0 /* Enum */,
				EE0C14312E598514003640C0 /* Extension */,
			);
			path = Util;
			sourceTree = "<group>";
		};
		EE0C14282E5984B1003640C0 /* Presentation */ = {
			isa = PBXGroup;
			children = (
				EE0C14202E5984A1003640C0 /* ContentView.swift */,
			);
			path = Presentation;
			sourceTree = "<group>";
		};
		EE0C14292E5984BB003640C0 /* Resources */ = {
			isa = PBXGroup;
			children = (
				EE0C141F2E5984A1003640C0 /* Assets.xcassets */,
			);
			path = Resources;
			sourceTree = "<group>";
		};
		EE0C142A2E5984CA003640C0 /* Model */ = {
			isa = PBXGroup;
			children = (
				EE0C142E2E5984FA003640C0 /* Model.swift */,
			);
			path = Model;
			sourceTree = "<group>";
		};
		EE0C142B2E5984CE003640C0 /* Network */ = {
			isa = PBXGroup;
			children = (
				EE0C142C2E5984EF003640C0 /* NetworkManager.swift */,
			);
			path = Network;
			sourceTree = "<group>";
		};
		EE0C14302E598510003640C0 /* Enum */ = {
			isa = PBXGroup;
			children = (
				EE0C14322E59851F003640C0 /* Font+Extension.swift */,
			);
			path = Enum;
			sourceTree = "<group>";
		};
		EE0C14312E598514003640C0 /* Extension */ = {
			isa = PBXGroup;
			children = (
				EE0C14342E598527003640C0 /* UIApplication+Extension.swift */,
			);
			path = Extension;
			sourceTree = "<group>";
		};
/* End PBXGroup section */

/* Begin PBXNativeTarget section */
		EE0C140F2E59845D003640C0 /* LetHimCook */ = {
			isa = PBXNativeTarget;
			buildConfigurationList = EE0C141B2E598460003640C0 /* Build configuration list for PBXNativeTarget "LetHimCook" */;
			buildPhases = (
				EE0C140C2E59845D003640C0 /* Sources */,
				EE0C140D2E59845D003640C0 /* Frameworks */,
				EE0C140E2E59845D003640C0 /* Resources */,
			);
			buildRules = (
			);
			dependencies = (
			);
			name = LetHimCook;
			packageProductDependencies = (
			);
			productName = LetHimCook;
			productReference = EE0C14102E59845D003640C0 /* LetHimCook.app */;
			productType = "com.apple.product-type.application";
		};
/* End PBXNativeTarget section */

/* Begin PBXProject section */
		EE0C14082E59845D003640C0 /* Project object */ = {
			isa = PBXProject;
			attributes = {
				BuildIndependentTargetsInParallel = 1;
				LastSwiftUpdateCheck = 1640;
				LastUpgradeCheck = 1640;
				TargetAttributes = {
					EE0C140F2E59845D003640C0 = {
						CreatedOnToolsVersion = 16.4;
					};
				};
			};
			buildConfigurationList = EE0C140B2E59845D003640C0 /* Build configuration list for PBXProject "LetHimCook" */;
			developmentRegion = en;
			hasScannedForEncodings = 0;
			knownRegions = (
				en,
				Base,
			);
			mainGroup = EE0C14072E59845D003640C0;
			minimizedProjectReferenceProxies = 1;
			preferredProjectObjectVersion = 77;
			productRefGroup = EE0C14112E59845D003640C0 /* Products */;
			projectDirPath = "";
			projectRoot = "";
			targets = (
				EE0C140F2E59845D003640C0 /* LetHimCook */,
			);
		};
/* End PBXProject section */

/* Begin PBXResourcesBuildPhase section */
		EE0C140E2E59845D003640C0 /* Resources */ = {
			isa = PBXResourcesBuildPhase;
			buildActionMask = 2147483647;
			files = (
				EE0C14232E5984A1003640C0 /* Assets.xcassets in Resources */,
			);
			runOnlyForDeploymentPostprocessing = 0;
		};
/* End PBXResourcesBuildPhase section */

/* Begin PBXSourcesBuildPhase section */
		EE0C140C2E59845D003640C0 /* Sources */ = {
			isa = PBXSourcesBuildPhase;
			buildActionMask = 2147483647;
			files = (
				EE0C142D2E5984F4003640C0 /* NetworkManager.swift in Sources */,
				EE0C14332E598522003640C0 /* Font+Extension.swift in Sources */,
				EE0C14242E5984A1003640C0 /* ContentView.swift in Sources */,
				EE0C14252E5984A1003640C0 /* LetHimCookApp.swift in Sources */,
				EE0C14352E598539003640C0 /* UIApplication+Extension.swift in Sources */,
				EE0C142F2E5984FD003640C0 /* Model.swift in Sources */,
			);
			runOnlyForDeploymentPostprocessing = 0;
		};
/* End PBXSourcesBuildPhase section */

/* Begin XCBuildConfiguration section */
		EE0C14192E598460003640C0 /* Debug */ = {
			isa = XCBuildConfiguration;
			buildSettings = {
				ALWAYS_SEARCH_USER_PATHS = NO;
				ASSETCATALOG_COMPILER_GENERATE_SWIFT_ASSET_SYMBOL_EXTENSIONS = YES;
				CLANG_ANALYZER_NONNULL = YES;
				CLANG_ANALYZER_NUMBER_OBJECT_CONVERSION = YES_AGGRESSIVE;
				CLANG_CXX_LANGUAGE_STANDARD = "gnu++20";
				CLANG_ENABLE_MODULES = YES;
				CLANG_ENABLE_OBJC_ARC = YES;
				CLANG_ENABLE_OBJC_WEAK = YES;
				CLANG_WARN_BLOCK_CAPTURE_AUTORELEASING = YES;
				CLANG_WARN_BOOL_CONVERSION = YES;
				CLANG_WARN_COMMA = YES;
				CLANG_WARN_CONSTANT_CONVERSION = YES;
				CLANG_WARN_DEPRECATED_OBJC_IMPLEMENTATIONS = YES;
				CLANG_WARN_DIRECT_OBJC_ISA_USAGE = YES_ERROR;
				CLANG_WARN_DOCUMENTATION_COMMENTS = YES;
				CLANG_WARN_EMPTY_BODY = YES;
				CLANG_WARN_ENUM_CONVERSION = YES;
				CLANG_WARN_INFINITE_RECURSION = YES;
				CLANG_WARN_INT_CONVERSION = YES;
				CLANG_WARN_NON_LITERAL_NULL_CONVERSION = YES;
				CLANG_WARN_OBJC_IMPLICIT_RETAIN_SELF = YES;
				CLANG_WARN_OBJC_LITERAL_CONVERSION = YES;
				CLANG_WARN_OBJC_ROOT_CLASS = YES_ERROR;
				CLANG_WARN_QUOTED_INCLUDE_IN_FRAMEWORK_HEADER = YES;
				CLANG_WARN_RANGE_LOOP_ANALYSIS = YES;
				CLANG_WARN_STRICT_PROTOTYPES = YES;
				CLANG_WARN_SUSPICIOUS_MOVE = YES;
				CLANG_WARN_UNGUARDED_AVAILABILITY = YES_AGGRESSIVE;
				CLANG_WARN_UNREACHABLE_CODE = YES;
				CLANG_WARN__DUPLICATE_METHOD_MATCH = YES;
				COPY_PHASE_STRIP = NO;
				DEBUG_INFORMATION_FORMAT = dwarf;
				DEVELOPMENT_TEAM = 34X3BT977M;
				ENABLE_STRICT_OBJC_MSGSEND = YES;
				ENABLE_TESTABILITY = YES;
				ENABLE_USER_SCRIPT_SANDBOXING = YES;
				GCC_C_LANGUAGE_STANDARD = gnu17;
				GCC_DYNAMIC_NO_PIC = NO;
				GCC_NO_COMMON_BLOCKS = YES;
				GCC_OPTIMIZATION_LEVEL = 0;
				GCC_PREPROCESSOR_DEFINITIONS = (
					"DEBUG=1",
					"$(inherited)",
				);
				GCC_WARN_64_TO_32_BIT_CONVERSION = YES;
				GCC_WARN_ABOUT_RETURN_TYPE = YES_ERROR;
				GCC_WARN_UNDECLARED_SELECTOR = YES;
				GCC_WARN_UNINITIALIZED_AUTOS = YES_AGGRESSIVE;
				GCC_WARN_UNUSED_FUNCTION = YES;
				GCC_WARN_UNUSED_VARIABLE = YES;
				IPHONEOS_DEPLOYMENT_TARGET = 18.5;
				LOCALIZATION_PREFERS_STRING_CATALOGS = YES;
				MTL_ENABLE_DEBUG_INFO = INCLUDE_SOURCE;
				MTL_FAST_MATH = YES;
				ONLY_ACTIVE_ARCH = YES;
				SDKROOT = iphoneos;
				SWIFT_ACTIVE_COMPILATION_CONDITIONS = "DEBUG $(inherited)";
				SWIFT_OPTIMIZATION_LEVEL = "-Onone";
			};
			name = Debug;
		};
		EE0C141A2E598460003640C0 /* Release */ = {
			isa = XCBuildConfiguration;
			buildSettings = {
				ALWAYS_SEARCH_USER_PATHS = NO;
				ASSETCATALOG_COMPILER_GENERATE_SWIFT_ASSET_SYMBOL_EXTENSIONS = YES;
				CLANG_ANALYZER_NONNULL = YES;
				CLANG_ANALYZER_NUMBER_OBJECT_CONVERSION = YES_AGGRESSIVE;
				CLANG_CXX_LANGUAGE_STANDARD = "gnu++20";
				CLANG_ENABLE_MODULES = YES;
				CLANG_ENABLE_OBJC_ARC = YES;
				CLANG_ENABLE_OBJC_WEAK = YES;
				CLANG_WARN_BLOCK_CAPTURE_AUTORELEASING = YES;
				CLANG_WARN_BOOL_CONVERSION = YES;
				CLANG_WARN_COMMA = YES;
				CLANG_WARN_CONSTANT_CONVERSION = YES;
				CLANG_WARN_DEPRECATED_OBJC_IMPLEMENTATIONS = YES;
				CLANG_WARN_DIRECT_OBJC_ISA_USAGE = YES_ERROR;
				CLANG_WARN_DOCUMENTATION_COMMENTS = YES;
				CLANG_WARN_EMPTY_BODY = YES;
				CLANG_WARN_ENUM_CONVERSION = YES;
				CLANG_WARN_INFINITE_RECURSION = YES;
				CLANG_WARN_INT_CONVERSION = YES;
				CLANG_WARN_NON_LITERAL_NULL_CONVERSION = YES;
				CLANG_WARN_OBJC_IMPLICIT_RETAIN_SELF = YES;
				CLANG_WARN_OBJC_LITERAL_CONVERSION = YES;
				CLANG_WARN_OBJC_ROOT_CLASS = YES_ERROR;
				CLANG_WARN_QUOTED_INCLUDE_IN_FRAMEWORK_HEADER = YES;
				CLANG_WARN_RANGE_LOOP_ANALYSIS = YES;
				CLANG_WARN_STRICT_PROTOTYPES = YES;
				CLANG_WARN_SUSPICIOUS_MOVE = YES;
				CLANG_WARN_UNGUARDED_AVAILABILITY = YES_AGGRESSIVE;
				CLANG_WARN_UNREACHABLE_CODE = YES;
				CLANG_WARN__DUPLICATE_METHOD_MATCH = YES;
				COPY_PHASE_STRIP = NO;
				DEBUG_INFORMATION_FORMAT = "dwarf-with-dsym";
				DEVELOPMENT_TEAM = 34X3BT977M;
				ENABLE_NS_ASSERTIONS = NO;
				ENABLE_STRICT_OBJC_MSGSEND = YES;
				ENABLE_USER_SCRIPT_SANDBOXING = YES;
				GCC_C_LANGUAGE_STANDARD = gnu17;
				GCC_NO_COMMON_BLOCKS = YES;
				GCC_WARN_64_TO_32_BIT_CONVERSION = YES;
				GCC_WARN_ABOUT_RETURN_TYPE = YES_ERROR;
				GCC_WARN_UNDECLARED_SELECTOR = YES;
				GCC_WARN_UNINITIALIZED_AUTOS = YES_AGGRESSIVE;
				GCC_WARN_UNUSED_FUNCTION = YES;
				GCC_WARN_UNUSED_VARIABLE = YES;
				IPHONEOS_DEPLOYMENT_TARGET = 18.5;
				LOCALIZATION_PREFERS_STRING_CATALOGS = YES;
				MTL_ENABLE_DEBUG_INFO = NO;
				MTL_FAST_MATH = YES;
				SDKROOT = iphoneos;
				SWIFT_COMPILATION_MODE = wholemodule;
				VALIDATE_PRODUCT = YES;
			};
			name = Release;
		};
		EE0C141C2E598460003640C0 /* Debug */ = {
			isa = XCBuildConfiguration;
			buildSettings = {
				ASSETCATALOG_COMPILER_APPICON_NAME = AppIcon;
				ASSETCATALOG_COMPILER_GLOBAL_ACCENT_COLOR_NAME = AccentColor;
				CODE_SIGN_STYLE = Automatic;
				CURRENT_PROJECT_VERSION = 1;
				DEVELOPMENT_TEAM = "";
				ENABLE_PREVIEWS = YES;
				GENERATE_INFOPLIST_FILE = YES;
				INFOPLIST_KEY_UIApplicationSceneManifest_Generation = YES;
				INFOPLIST_KEY_UIApplicationSupportsIndirectInputEvents = YES;
				INFOPLIST_KEY_UILaunchScreen_Generation = YES;
				INFOPLIST_KEY_UIStatusBarStyle = "";
				INFOPLIST_KEY_UISupportedInterfaceOrientations = UIInterfaceOrientationPortrait;
				INFOPLIST_KEY_UISupportedInterfaceOrientations_iPad = "UIInterfaceOrientationLandscapeLeft UIInterfaceOrientationLandscapeRight UIInterfaceOrientationPortrait UIInterfaceOrientationPortraitUpsideDown";
				IPHONEOS_DEPLOYMENT_TARGET = 17.6;
				LD_RUNPATH_SEARCH_PATHS = (
					"$(inherited)",
					"@executable_path/Frameworks",
				);
				MARKETING_VERSION = 1.0;
				PRODUCT_BUNDLE_IDENTIFIER = naturalBeauty.LetHimCook;
				PRODUCT_NAME = "$(TARGET_NAME)";
				SUPPORTED_PLATFORMS = "iphoneos iphonesimulator";
				SUPPORTS_MACCATALYST = NO;
				SUPPORTS_MAC_DESIGNED_FOR_IPHONE_IPAD = NO;
				SUPPORTS_XR_DESIGNED_FOR_IPHONE_IPAD = NO;
				SWIFT_EMIT_LOC_STRINGS = YES;
				SWIFT_VERSION = 5.0;
				TARGETED_DEVICE_FAMILY = 1;
			};
			name = Debug;
		};
		EE0C141D2E598460003640C0 /* Release */ = {
			isa = XCBuildConfiguration;
			buildSettings = {
				ASSETCATALOG_COMPILER_APPICON_NAME = AppIcon;
				ASSETCATALOG_COMPILER_GLOBAL_ACCENT_COLOR_NAME = AccentColor;
				CODE_SIGN_STYLE = Automatic;
				CURRENT_PROJECT_VERSION = 1;
				DEVELOPMENT_TEAM = "";
				ENABLE_PREVIEWS = YES;
				GENERATE_INFOPLIST_FILE = YES;
				INFOPLIST_KEY_UIApplicationSceneManifest_Generation = YES;
				INFOPLIST_KEY_UIApplicationSupportsIndirectInputEvents = YES;
				INFOPLIST_KEY_UILaunchScreen_Generation = YES;
				INFOPLIST_KEY_UIStatusBarStyle = "";
				INFOPLIST_KEY_UISupportedInterfaceOrientations = UIInterfaceOrientationPortrait;
				INFOPLIST_KEY_UISupportedInterfaceOrientations_iPad = "UIInterfaceOrientationLandscapeLeft UIInterfaceOrientationLandscapeRight UIInterfaceOrientationPortrait UIInterfaceOrientationPortraitUpsideDown";
				IPHONEOS_DEPLOYMENT_TARGET = 17.6;
				LD_RUNPATH_SEARCH_PATHS = (
					"$(inherited)",
					"@executable_path/Frameworks",
				);
				MARKETING_VERSION = 1.0;
				PRODUCT_BUNDLE_IDENTIFIER = naturalBeauty.LetHimCook;
				PRODUCT_NAME = "$(TARGET_NAME)";
				SUPPORTED_PLATFORMS = "iphoneos iphonesimulator";
				SUPPORTS_MACCATALYST = NO;
				SUPPORTS_MAC_DESIGNED_FOR_IPHONE_IPAD = NO;
				SUPPORTS_XR_DESIGNED_FOR_IPHONE_IPAD = NO;
				SWIFT_EMIT_LOC_STRINGS = YES;
				SWIFT_VERSION = 5.0;
				TARGETED_DEVICE_FAMILY = 1;
			};
			name = Release;
		};
/* End XCBuildConfiguration section */

/* Begin XCConfigurationList section */
		EE0C140B2E59845D003640C0 /* Build configuration list for PBXProject "LetHimCook" */ = {
			isa = XCConfigurationList;
			buildConfigurations = (
				EE0C14192E598460003640C0 /* Debug */,
				EE0C141A2E598460003640C0 /* Release */,
			);
			defaultConfigurationIsVisible = 0;
			defaultConfigurationName = Release;
		};
		EE0C141B2E598460003640C0 /* Build configuration list for PBXNativeTarget "LetHimCook" */ = {
			isa = XCConfigurationList;
			buildConfigurations = (
				EE0C141C2E598460003640C0 /* Debug */,
				EE0C141D2E598460003640C0 /* Release */,
			);
			defaultConfigurationIsVisible = 0;
			defaultConfigurationName = Release;
		};
/* End XCConfigurationList section */
	};
	rootObject = EE0C14082E59845D003640C0 /* Project object */;
}
